
Microsoft Visual Studio Solution File, Format Version 12.00
Project("{FAE04EC0-301F-11D3-BF4B-00C04F79EFBC}") = "ScheduleManager.Web", "ScheduleManager.Web\ScheduleManager.Web.csproj", "{F1A4AF84-91F4-4D14-AB4A-4A62E46A1727}"
EndProject
Project("{FAE04EC0-301F-11D3-BF4B-00C04F79EFBC}") = "ScheduleManager.Data", "ScheduleManager.Data\ScheduleManager.Data.csproj", "{B675ABB0-0EC0-4107-96E2-3AF7346CB975}"
EndProject
Project("{FAE04EC0-301F-11D3-BF4B-00C04F79EFBC}") = "ScheduleManager.Domain", "ScheduleManager.Domain\ScheduleManager.Domain.csproj", "{F38D609D-9B91-451D-B93E-7DA3C6EE009F}"
EndProject
Project("{FAE04EC0-301F-11D3-BF4B-00C04F79EFBC}") = "ScheduleManager.Contracts", "ScheduleManager.Contracts\ScheduleManager.Contracts.csproj", "{42AAB416-A5AD-4387-9065-AA92FAD40482}"
EndProject
Global
	GlobalSection(SolutionConfigurationPlatforms) = preSolution
		Debug|Any CPU = Debug|Any CPU
		Release|Any CPU = Release|Any CPU
	EndGlobalSection
	GlobalSection(ProjectConfigurationPlatforms) = postSolution
		{F1A4AF84-91F4-4D14-AB4A-4A62E46A1727}.Debug|Any CPU.ActiveCfg = Debug|Any CPU
		{F1A4AF84-91F4-4D14-AB4A-4A62E46A1727}.Debug|Any CPU.Build.0 = Debug|Any CPU
		{F1A4AF84-91F4-4D14-AB4A-4A62E46A1727}.Release|Any CPU.ActiveCfg = Release|Any CPU
		{F1A4AF84-91F4-4D14-AB4A-4A62E46A1727}.Release|Any CPU.Build.0 = Release|Any CPU
		{B675ABB0-0EC0-4107-96E2-3AF7346CB975}.Debug|Any CPU.ActiveCfg = Debug|Any CPU
		{B675ABB0-0EC0-4107-96E2-3AF7346CB975}.Debug|Any CPU.Build.0 = Debug|Any CPU
		{B675ABB0-0EC0-4107-96E2-3AF7346CB975}.Release|Any CPU.ActiveCfg = Release|Any CPU
		{B675ABB0-0EC0-4107-96E2-3AF7346CB975}.Release|Any CPU.Build.0 = Release|Any CPU
		{F38D609D-9B91-451D-B93E-7DA3C6EE009F}.Debug|Any CPU.ActiveCfg = Debug|Any CPU
		{F38D609D-9B91-451D-B93E-7DA3C6EE009F}.Debug|Any CPU.Build.0 = Debug|Any CPU
		{F38D609D-9B91-451D-B93E-7DA3C6EE009F}.Release|Any CPU.ActiveCfg = Release|Any CPU
		{F38D609D-9B91-451D-B93E-7DA3C6EE009F}.Release|Any CPU.Build.0 = Release|Any CPU
		{42AAB416-A5AD-4387-9065-AA92FAD40482}.Debug|Any CPU.ActiveCfg = Debug|Any CPU
		{42AAB416-A5AD-4387-9065-AA92FAD40482}.Debug|Any CPU.Build.0 = Debug|Any CPU
		{42AAB416-A5AD-4387-9065-AA92FAD40482}.Release|Any CPU.ActiveCfg = Release|Any CPU
		{42AAB416-A5AD-4387-9065-AA92FAD40482}.Release|Any CPU.Build.0 = Release|Any CPU
	EndGlobalSection
EndGlobal
